
Microsoft Visual Studio Solution File, Format Version 12.00
# Visual Studio 15
VisualStudioVersion = 15.0.28307.757
MinimumVisualStudioVersion = 10.0.40219.1
Project("{9A19103F-16F7-4668-BE54-9A1E7A4F7556}") = "Models", "Models\Models.csproj", "{F7DE25EC-7E2D-42FE-9A93-DE1257CAF446}"
EndProject
Project("{9A19103F-16F7-4668-BE54-9A1E7A4F7556}") = "IServices", "IServices\IServices.csproj", "{A4E75349-027B-41AE-A394-5848467897ED}"
EndProject
Project("{FAE04EC0-301F-11D3-BF4B-00C04F79EFBC}") = "DbServices", "DbServices\DbServices.csproj", "{1344C067-3947-490B-8306-0B584DE606D0}"
EndProject
Project("{FAE04EC0-301F-11D3-BF4B-00C04F79EFBC}") = "FakeService", "FakeService\FakeService.csproj", "{250ACB53-52CD-4D51-BB9C-7FDA3E5B8431}"
EndProject
Project("{FAE04EC0-301F-11D3-BF4B-00C04F79EFBC}") = "GameMngmtWebAPI", "GameMngmtWebAPI\GameMngmtWebAPI.csproj", "{F1036AAC-BC3C-4596-A32E-9F84A653558E}"
EndProject
Project("{FAE04EC0-301F-11D3-BF4B-00C04F79EFBC}") = "GameMngmt", "GameMngmt\GameMngmt.csproj", "{F1DDDF80-97ED-4B74-A68F-192505C1B875}"
EndProject
Project("{FAE04EC0-301F-11D3-BF4B-00C04F79EFBC}") = "GameMngmt.Tests", "GameMngmt.Tests\GameMngmt.Tests.csproj", "{DADC3139-26A0-492B-A318-75E0768E3744}"
EndProject
Global
	GlobalSection(SolutionConfigurationPlatforms) = preSolution
		Debug|Any CPU = Debug|Any CPU
		Release|Any CPU = Release|Any CPU
	EndGlobalSection
	GlobalSection(ProjectConfigurationPlatforms) = postSolution
		{F7DE25EC-7E2D-42FE-9A93-DE1257CAF446}.Debug|Any CPU.ActiveCfg = Debug|Any CPU
		{F7DE25EC-7E2D-42FE-9A93-DE1257CAF446}.Debug|Any CPU.Build.0 = Debug|Any CPU
		{F7DE25EC-7E2D-42FE-9A93-DE1257CAF446}.Release|Any CPU.ActiveCfg = Release|Any CPU
		{F7DE25EC-7E2D-42FE-9A93-DE1257CAF446}.Release|Any CPU.Build.0 = Release|Any CPU
		{A4E75349-027B-41AE-A394-5848467897ED}.Debug|Any CPU.ActiveCfg = Debug|Any CPU
		{A4E75349-027B-41AE-A394-5848467897ED}.Debug|Any CPU.Build.0 = Debug|Any CPU
		{A4E75349-027B-41AE-A394-5848467897ED}.Release|Any CPU.ActiveCfg = Release|Any CPU
		{A4E75349-027B-41AE-A394-5848467897ED}.Release|Any CPU.Build.0 = Release|Any CPU
		{1344C067-3947-490B-8306-0B584DE606D0}.Debug|Any CPU.ActiveCfg = Debug|Any CPU
		{1344C067-3947-490B-8306-0B584DE606D0}.Debug|Any CPU.Build.0 = Debug|Any CPU
		{1344C067-3947-490B-8306-0B584DE606D0}.Release|Any CPU.ActiveCfg = Release|Any CPU
		{1344C067-3947-490B-8306-0B584DE606D0}.Release|Any CPU.Build.0 = Release|Any CPU
		{250ACB53-52CD-4D51-BB9C-7FDA3E5B8431}.Debug|Any CPU.ActiveCfg = Debug|Any CPU
		{250ACB53-52CD-4D51-BB9C-7FDA3E5B8431}.Debug|Any CPU.Build.0 = Debug|Any CPU
		{250ACB53-52CD-4D51-BB9C-7FDA3E5B8431}.Release|Any CPU.ActiveCfg = Release|Any CPU
		{250ACB53-52CD-4D51-BB9C-7FDA3E5B8431}.Release|Any CPU.Build.0 = Release|Any CPU
		{F1036AAC-BC3C-4596-A32E-9F84A653558E}.Debug|Any CPU.ActiveCfg = Debug|Any CPU
		{F1036AAC-BC3C-4596-A32E-9F84A653558E}.Debug|Any CPU.Build.0 = Debug|Any CPU
		{F1036AAC-BC3C-4596-A32E-9F84A653558E}.Release|Any CPU.ActiveCfg = Release|Any CPU
		{F1036AAC-BC3C-4596-A32E-9F84A653558E}.Release|Any CPU.Build.0 = Release|Any CPU
		{F1DDDF80-97ED-4B74-A68F-192505C1B875}.Debug|Any CPU.ActiveCfg = Debug|Any CPU
		{F1DDDF80-97ED-4B74-A68F-192505C1B875}.Debug|Any CPU.Build.0 = Debug|Any CPU
		{F1DDDF80-97ED-4B74-A68F-192505C1B875}.Release|Any CPU.ActiveCfg = Release|Any CPU
		{F1DDDF80-97ED-4B74-A68F-192505C1B875}.Release|Any CPU.Build.0 = Release|Any CPU
		{DADC3139-26A0-492B-A318-75E0768E3744}.Debug|Any CPU.ActiveCfg = Debug|Any CPU
		{DADC3139-26A0-492B-A318-75E0768E3744}.Debug|Any CPU.Build.0 = Debug|Any CPU
		{DADC3139-26A0-492B-A318-75E0768E3744}.Release|Any CPU.ActiveCfg = Release|Any CPU
		{DADC3139-26A0-492B-A318-75E0768E3744}.Release|Any CPU.Build.0 = Release|Any CPU
	EndGlobalSection
	GlobalSection(SolutionProperties) = preSolution
		HideSolutionNode = FALSE
	EndGlobalSection
	GlobalSection(ExtensibilityGlobals) = postSolution
		SolutionGuid = {4E99FC2B-B8C7-497E-87E1-B1B065EBE385}
	EndGlobalSection
EndGlobal
